{
  "name": "components-library-vue",
  "version": "1.0.0",
  "lockfileVersion": 1,
  "requires": true,
  "dependencies": {
    "async-validator": {
      "version": "3.4.0",
      "resolved": "https://registry.npm.taobao.org/async-validator/download/async-validator-3.4.0.tgz?cache=0&sync_timestamp=1596623572478&other_urls=https%3A%2F%2Fregistry.npm.taobao.org%2Fasync-validator%2Fdownload%2Fasync-validator-3.4.0.tgz",
      "integrity": "sha1-hxs+WUEkv0xOt7zRqeeLRPOwnK4=",
      "dev": true
    }
  }
}
